
Microsoft Visual Studio Solution File, Format Version 12.00
# Visual Studio Version 16
VisualStudioVersion = 16.0.30907.101
MinimumVisualStudioVersion = 15.0.26730.10
Project("{9A19103F-16F7-4668-BE54-9A1E7A4F7556}") = "TestRunner", "TestRunner\TestRunner.csproj", "{8B1EE0A8-E68C-45C3-AD87-8DCA1364453B}"
EndProject
Project("{2150E333-8FDC-42A3-9474-1A3956D46DE8}") = "Runners", "Runners", "{B7803E9B-8570-4782-B077-4306DF4EE9C7}"
EndProject
Global
	GlobalSection(SolutionConfigurationPlatforms) = preSolution
		Debug|Any CPU = Debug|Any CPU
		Release|Any CPU = Release|Any CPU
	EndGlobalSection
	GlobalSection(ProjectConfigurationPlatforms) = postSolution
		{8B1EE0A8-E68C-45C3-AD87-8DCA1364453B}.Debug|Any CPU.ActiveCfg = Debug|Any CPU
		{8B1EE0A8-E68C-45C3-AD87-8DCA1364453B}.Debug|Any CPU.Build.0 = Debug|Any CPU
		{8B1EE0A8-E68C-45C3-AD87-8DCA1364453B}.Release|Any CPU.ActiveCfg = Release|Any CPU
		{8B1EE0A8-E68C-45C3-AD87-8DCA1364453B}.Release|Any CPU.Build.0 = Release|Any CPU
	EndGlobalSection
	GlobalSection(SolutionProperties) = preSolution
		HideSolutionNode = FALSE
	EndGlobalSection
	GlobalSection(NestedProjects) = preSolution
		{8B1EE0A8-E68C-45C3-AD87-8DCA1364453B} = {B7803E9B-8570-4782-B077-4306DF4EE9C7}
	EndGlobalSection
	GlobalSection(ExtensibilityGlobals) = postSolution
		SolutionGuid = {BB4E573C-955C-43EA-AE30-56B11C1C34D9}
	EndGlobalSection
EndGlobal
